GIT
  remote: https://github.com/Casecommons/with_model
  revision: de1bcfa523f83d02a3fd85902d8447487d7db3c7
  specs:
    with_model (2.1.6)
      activerecord (>= 5.2)

PATH
  remote: .
  specs:
    has_array_of (0.0.1)
      activerecord (>= 4.2)
      pg

GEM
  remote: https://rubygems.org/
  specs:
    activemodel (7.0.3.1)
      activesupport (= 7.0.3.1)
    activerecord (7.0.3.1)
      activemodel (= 7.0.3.1)
      activesupport (= 7.0.3.1)
    activesupport (7.0.3.1)
      concurrent-ruby (~> 1.0, >= 1.0.2)
      i18n (>= 1.6, < 2)
      minitest (>= 5.1)
      tzinfo (~> 2.0)
    byebug (11.1.3)
    coderay (1.1.3)
    concurrent-ruby (1.1.10)
    database_cleaner (1.8.5)
    diff-lcs (1.5.0)
    i18n (1.12.0)
      concurrent-ruby (~> 1.0)
    method_source (1.0.0)
    minitest (5.16.2)
    pg (1.4.2)
    pry (0.13.1)
      coderay (~> 1.1)
      method_source (~> 1.0)
    pry-byebug (3.9.0)
      byebug (~> 11.0)
      pry (~> 0.13.0)
    rake (13.0.6)
    rspec (3.9.0)
      rspec-core (~> 3.9.0)
      rspec-expectations (~> 3.9.0)
      rspec-mocks (~> 3.9.0)
    rspec-core (3.9.3)
      rspec-support (~> 3.9.3)
    rspec-expectations (3.9.4)
      diff-lcs (>= 1.2.0, < 2.0)
      rspec-support (~> 3.9.0)
    rspec-mocks (3.9.1)
      diff-lcs (>= 1.2.0, < 2.0)
      rspec-support (~> 3.9.0)
    rspec-support (3.9.4)
    tzinfo (2.0.5)
      concurrent-ruby (~> 1.0)

PLATFORMS
  x86_64-darwin-21

DEPENDENCIES
  bundler (>= 2)
  database_cleaner (~> 1.8.5)
  has_array_of!
  pry
  pry-byebug
  rake (~> 13.0)
  rspec (~> 3.9.0)
  with_model!

BUNDLED WITH
   2.5.15
